
Microsoft Visual Studio Solution File, Format Version 12.00
# Visual Studio 14
VisualStudioVersion = 14.0.25123.0
MinimumVisualStudioVersion = 10.0.40219.1
Project("{FAE04EC0-301F-11D3-BF4B-00C04F79EFBC}") = "UnitTest1", "UnitTest1\UnitTest1.csproj", "{DE997A40-7806-4FF9-9335-9EF34D51E858}"
EndProject
Project("{FAE04EC0-301F-11D3-BF4B-00C04F79EFBC}") = "Feature1", "Feature1\Feature1.csproj", "{4959652F-FA5A-4B83-A172-2DC998DBBC57}"
EndProject
Global
	GlobalSection(SolutionConfigurationPlatforms) = preSolution
		Debug|Any CPU = Debug|Any CPU
		Release|Any CPU = Release|Any CPU
	EndGlobalSection
	GlobalSection(ProjectConfigurationPlatforms) = postSolution
		{DE997A40-7806-4FF9-9335-9EF34D51E858}.Debug|Any CPU.ActiveCfg = Debug|Any CPU
		{DE997A40-7806-4FF9-9335-9EF34D51E858}.Debug|Any CPU.Build.0 = Debug|Any CPU
		{DE997A40-7806-4FF9-9335-9EF34D51E858}.Debug|Any CPU.Deploy.0 = Debug|Any CPU
		{DE997A40-7806-4FF9-9335-9EF34D51E858}.Release|Any CPU.ActiveCfg = Release|Any CPU
		{DE997A40-7806-4FF9-9335-9EF34D51E858}.Release|Any CPU.Build.0 = Release|Any CPU
		{DE997A40-7806-4FF9-9335-9EF34D51E858}.Release|Any CPU.Deploy.0 = Release|Any CPU
		{4959652F-FA5A-4B83-A172-2DC998DBBC57}.Debug|Any CPU.ActiveCfg = Debug|Any CPU
		{4959652F-FA5A-4B83-A172-2DC998DBBC57}.Debug|Any CPU.Build.0 = Debug|Any CPU
		{4959652F-FA5A-4B83-A172-2DC998DBBC57}.Release|Any CPU.ActiveCfg = Release|Any CPU
		{4959652F-FA5A-4B83-A172-2DC998DBBC57}.Release|Any CPU.Build.0 = Release|Any CPU
	EndGlobalSection
	GlobalSection(SolutionProperties) = preSolution
		HideSolutionNode = FALSE
	EndGlobalSection
EndGlobal
